
Microsoft Visual Studio Solution File, Format Version 12.00
# Visual Studio Version 16
VisualStudioVersion = 16.0.30011.22
MinimumVisualStudioVersion = 10.0.40219.1
Project("{F184B08F-C81C-45F6-A57F-5ABD9991F28F}") = "FPAku", "FPAku\FPAku.vbproj", "{A39C490C-475C-4DAF-AC1A-A497B4525AAB}"
EndProject
Global
	GlobalSection(SolutionConfigurationPlatforms) = preSolution
		Debug|Any CPU = Debug|Any CPU
		Release|Any CPU = Release|Any CPU
	EndGlobalSection
	GlobalSection(ProjectConfigurationPlatforms) = postSolution
		{A39C490C-475C-4DAF-AC1A-A497B4525AAB}.Debug|Any CPU.ActiveCfg = Debug|Any CPU
		{A39C490C-475C-4DAF-AC1A-A497B4525AAB}.Debug|Any CPU.Build.0 = Debug|Any CPU
		{A39C490C-475C-4DAF-AC1A-A497B4525AAB}.Release|Any CPU.ActiveCfg = Release|Any CPU
		{A39C490C-475C-4DAF-AC1A-A497B4525AAB}.Release|Any CPU.Build.0 = Release|Any CPU
	EndGlobalSection
	GlobalSection(SolutionProperties) = preSolution
		HideSolutionNode = FALSE
	EndGlobalSection
	GlobalSection(ExtensibilityGlobals) = postSolution
		SolutionGuid = {389023B3-498B-43F3-832F-0D3E82F2783B}
	EndGlobalSection
EndGlobal
